
Microsoft Visual Studio Solution File, Format Version 12.00
# Visual Studio Version 17
VisualStudioVersion = 17.6.33829.357
MinimumVisualStudioVersion = 10.0.40219.1
Project("{FAE04EC0-301F-11D3-BF4B-00C04F79EFBC}") = "StadiumBar", "StadiumBar\StadiumBar.csproj", "{C779B147-E070-4A62-B908-D39D3B71385D}"
EndProject
Global
	GlobalSection(SolutionConfigurationPlatforms) = preSolution
		Debug|Any CPU = Debug|Any CPU
		Release|Any CPU = Release|Any CPU
	EndGlobalSection
	GlobalSection(ProjectConfigurationPlatforms) = postSolution
		{C779B147-E070-4A62-B908-D39D3B71385D}.Debug|Any CPU.ActiveCfg = Debug|Any CPU
		{C779B147-E070-4A62-B908-D39D3B71385D}.Debug|Any CPU.Build.0 = Debug|Any CPU
		{C779B147-E070-4A62-B908-D39D3B71385D}.Release|Any CPU.ActiveCfg = Release|Any CPU
		{C779B147-E070-4A62-B908-D39D3B71385D}.Release|Any CPU.Build.0 = Release|Any CPU
	EndGlobalSection
	GlobalSection(SolutionProperties) = preSolution
		HideSolutionNode = FALSE
	EndGlobalSection
	GlobalSection(ExtensibilityGlobals) = postSolution
		SolutionGuid = {763A9D0A-4554-4B30-83DA-79E4CFD8B506}
	EndGlobalSection
EndGlobal
